
Microsoft Visual Studio Solution File, Format Version 12.00
# Visual Studio Version 17
VisualStudioVersion = 17.11.35208.52
MinimumVisualStudioVersion = 10.0.40219.1
Project("{FAE04EC0-301F-11D3-BF4B-00C04F79EFBC}") = "ConsoleApp1", "ConsoleApp1\ConsoleApp1.csproj", "{C00D3619-CCDA-44F0-9331-107C8728D896}"
EndProject
Global
	GlobalSection(SolutionConfigurationPlatforms) = preSolution
		Debug|Any CPU = Debug|Any CPU
		Release|Any CPU = Release|Any CPU
	EndGlobalSection
	GlobalSection(ProjectConfigurationPlatforms) = postSolution
		{C00D3619-CCDA-44F0-9331-107C8728D896}.Debug|Any CPU.ActiveCfg = Debug|Any CPU
		{C00D3619-CCDA-44F0-9331-107C8728D896}.Debug|Any CPU.Build.0 = Debug|Any CPU
		{C00D3619-CCDA-44F0-9331-107C8728D896}.Release|Any CPU.ActiveCfg = Release|Any CPU
		{C00D3619-CCDA-44F0-9331-107C8728D896}.Release|Any CPU.Build.0 = Release|Any CPU
	EndGlobalSection
	GlobalSection(SolutionProperties) = preSolution
		HideSolutionNode = FALSE
	EndGlobalSection
	GlobalSection(ExtensibilityGlobals) = postSolution
		SolutionGuid = {7AEA9097-9EFC-443F-8876-C17413B3D0C2}
	EndGlobalSection
EndGlobal
